// !$*UTF8*$!
{
	archiveVersion = 1;
	classes = {
	};
	objectVersion = 48;
	objects = {

/* Begin PBXBuildFile section */
		7CC39BD58CF703892D1146CE /* Pods_SDWebImageDemo.framework in Frameworks */ = {isa = PBXBuildFile; fileRef = A2BAC3179EE62B3856F6FD69 /* Pods_SDWebImageDemo.framework */; };
		C464A8B720EC6EE800D57459 /* Launch Screen.storyboard in Resources */ = {isa = PBXBuildFile; fileRef = C464A8B620EC6EE800D57459 /* Launch Screen.storyboard */; };
		C4D4FA1620EB4520005CD32D /* AppDelegate.swift in Sources */ = {isa = PBXBuildFile; fileRef = C4D4FA1520EB4520005CD32D /* AppDelegate.swift */; };
		C4D4FA1820EB4520005CD32D /* ViewController.swift in Sources */ = {isa = PBXBuildFile; fileRef = C4D4FA1720EB4520005CD32D /* ViewController.swift */; };
		C4D4FA1A20EB4520005CD32D /* Assets.xcassets in Resources */ = {isa = PBXBuildFile; fileRef = C4D4FA1920EB4520005CD32D /* Assets.xcassets */; };
		C4D4FA2520EB4B8D005CD32D /* SDWebImage.framework in Frameworks */ = {isa = PBXBuildFile; fileRef = C4D4FA2620EB4B8D005CD32D /* SDWebImage.framework */; };
		C4D4FA2920EB4DD3005CD32D /* Main.storyboard in Resources */ = {isa = PBXBuildFile; fileRef = C4D4FA2820EB4DD3005CD32D /* Main.storyboard */; };
		C4D4FA2A20EB65CC005CD32D /* Kingfisher.framework in Frameworks */ = {isa = PBXBuildFile; fileRef = C4D4FA2B20EB65CC005CD32D /* Kingfisher.framework */; };
/* End PBXBuildFile section */

/* Begin PBXFileReference section */
		38E4F590792048D784D7E5BA /* Pods-SDWebImageDemo.release.xcconfig */ = {isa = PBXFileReference; includeInIndex = 1; lastKnownFileType = text.xcconfig; name = "Pods-SDWebImageDemo.release.xcconfig"; path = "Pods/Target Support Files/Pods-SDWebImageDemo/Pods-SDWebImageDemo.release.xcconfig"; sourceTree = "<group>"; };
		A2BAC3179EE62B3856F6FD69 /* Pods_SDWebImageDemo.framework */ = {isa = PBXFileReference; explicitFileType = wrapper.framework; includeInIndex = 0; path = Pods_SDWebImageDemo.framework; sourceTree = BUILT_PRODUCTS_DIR; };
		C45C1FF164AB0E16B3209354 /* Pods-SDWebImageDemo.debug.xcconfig */ = {isa = PBXFileReference; includeInIndex = 1; lastKnownFileType = text.xcconfig; name = "Pods-SDWebImageDemo.debug.xcconfig"; path = "Pods/Target Support Files/Pods-SDWebImageDemo/Pods-SDWebImageDemo.debug.xcconfig"; sourceTree = "<group>"; };
		C464A8B620EC6EE800D57459 /* Launch Screen.storyboard */ = {isa = PBXFileReference; lastKnownFileType = file.storyboard; path = "Launch Screen.storyboard"; sourceTree = "<group>"; };
		C4D4FA1220EB4520005CD32D /* SDWebImageDemo.app */ = {isa = PBXFileReference; explicitFileType = wrapper.application; includeInIndex = 0; path = SDWebImageDemo.app; sourceTree = BUILT_PRODUCTS_DIR; };
		C4D4FA1520EB4520005CD32D /* AppDelegate.swift */ = {isa = PBXFileReference; lastKnownFileType = sourcecode.swift; path = AppDelegate.swift; sourceTree = "<group>"; };
		C4D4FA1720EB4520005CD32D /* ViewController.swift */ = {isa = PBXFileReference; lastKnownFileType = sourcecode.swift; path = ViewController.swift; sourceTree = "<group>"; };
		C4D4FA1920EB4520005CD32D /* Assets.xcassets */ = {isa = PBXFileReference; lastKnownFileType = folder.assetcatalog; path = Assets.xcassets; sourceTree = "<group>"; };
		C4D4FA1E20EB4520005CD32D /* Info.plist */ = {isa = PBXFileReference; lastKnownFileType = text.plist.xml; path = Info.plist; sourceTree = "<group>"; };
		C4D4FA1F20EB4520005CD32D /* SDWebImageDemo.entitlements */ = {isa = PBXFileReference; lastKnownFileType = text.plist.entitlements; path = SDWebImageDemo.entitlements; sourceTree = "<group>"; };
		C4D4FA2620EB4B8D005CD32D /* SDWebImage.framework */ = {isa = PBXFileReference; explicitFileType = wrapper.framework; path = SDWebImage.framework; sourceTree = BUILT_PRODUCTS_DIR; };
		C4D4FA2720EB4CB1005CD32D /* Bridge_Header.h */ = {isa = PBXFileReference; lastKnownFileType = sourcecode.c.h; path = Bridge_Header.h; sourceTree = "<group>"; };
		C4D4FA2820EB4DD3005CD32D /* Main.storyboard */ = {isa = PBXFileReference; lastKnownFileType = file.storyboard; path = Main.storyboard; sourceTree = "<group>"; };
		C4D4FA2B20EB65CC005CD32D /* Kingfisher.framework */ = {isa = PBXFileReference; explicitFileType = wrapper.framework; path = Kingfisher.framework; sourceTree = BUILT_PRODUCTS_DIR; };
/* End PBXFileReference section */

/* Begin PBXFrameworksBuildPhase section */
		C4D4FA0F20EB4520005CD32D /* Frameworks */ = {
			isa = PBXFrameworksBuildPhase;
			buildActionMask = 2147483647;
			files = (
				C4D4FA2A20EB65CC005CD32D /* Kingfisher.framework in Frameworks */,
				C4D4FA2520EB4B8D005CD32D /* SDWebImage.framework in Frameworks */,
				7CC39BD58CF703892D1146CE /* Pods_SDWebImageDemo.framework in Frameworks */,
			);
			runOnlyForDeploymentPostprocessing = 0;
		};
/* End PBXFrameworksBuildPhase section */

/* Begin PBXGroup section */
		28EB852C6E5D8A85EC2CB2C2 /* Pods */ = {
			isa = PBXGroup;
			children = (
				C45C1FF164AB0E16B3209354 /* Pods-SDWebImageDemo.debug.xcconfig */,
				38E4F590792048D784D7E5BA /* Pods-SDWebImageDemo.release.xcconfig */,
			);
			name = Pods;
			sourceTree = "<group>";
		};
		A1DE6122A3510E4A89B6DB73 /* Frameworks */ = {
			isa = PBXGroup;
			children = (
				C4D4FA2B20EB65CC005CD32D /* Kingfisher.framework */,
				C4D4FA2620EB4B8D005CD32D /* SDWebImage.framework */,
				A2BAC3179EE62B3856F6FD69 /* Pods_SDWebImageDemo.framework */,
			);
			name = Frameworks;
			sourceTree = "<group>";
		};
		C4D4FA0920EB4520005CD32D = {
			isa = PBXGroup;
			children = (
				C4D4FA1420EB4520005CD32D /* SDWebImageDemo */,
				C4D4FA1320EB4520005CD32D /* Products */,
				28EB852C6E5D8A85EC2CB2C2 /* Pods */,
				A1DE6122A3510E4A89B6DB73 /* Frameworks */,
			);
			sourceTree = "<group>";
		};
		C4D4FA1320EB4520005CD32D /* Products */ = {
			isa = PBXGroup;
			children = (
				C4D4FA1220EB4520005CD32D /* SDWebImageDemo.app */,
			);
			name = Products;
			sourceTree = "<group>";
		};
		C4D4FA1420EB4520005CD32D /* SDWebImageDemo */ = {
			isa = PBXGroup;
			children = (
				C4D4FA1520EB4520005CD32D /* AppDelegate.swift */,
				C4D4FA1720EB4520005CD32D /* ViewController.swift */,
				C4D4FA1920EB4520005CD32D /* Assets.xcassets */,
				C4D4FA1E20EB4520005CD32D /* Info.plist */,
				C4D4FA1F20EB4520005CD32D /* SDWebImageDemo.entitlements */,
				C4D4FA2720EB4CB1005CD32D /* Bridge_Header.h */,
				C4D4FA2820EB4DD3005CD32D /* Main.storyboard */,
				C464A8B620EC6EE800D57459 /* Launch Screen.storyboard */,
			);
			path = SDWebImageDemo;
			sourceTree = "<group>";
		};
/* End PBXGroup section */

/* Begin PBXNativeTarget section */
		C4D4FA1120EB4520005CD32D /* SDWebImageDemo */ = {
			isa = PBXNativeTarget;
			buildConfigurationList = C4D4FA2220EB4520005CD32D /* Build configuration list for PBXNativeTarget "SDWebImageDemo" */;
			buildPhases = (
				1AD672502676FD37CB51597A /* [CP] Check Pods Manifest.lock */,
				C4D4FA0E20EB4520005CD32D /* Sources */,
				C4D4FA0F20EB4520005CD32D /* Frameworks */,
				C4D4FA1020EB4520005CD32D /* Resources */,
				AB01DBBE2218CFD042F8F9DA /* [CP] Embed Pods Frameworks */,
				B13FF61AC2BACEC364F9ABE6 /* [CP] Copy Pods Resources */,
			);
			buildRules = (
			);
			dependencies = (
			);
			name = SDWebImageDemo;
			productName = SDWebImageDemo;
			productReference = C4D4FA1220EB4520005CD32D /* SDWebImageDemo.app */;
			productType = "com.apple.product-type.application";
		};
/* End PBXNativeTarget section */

/* Begin PBXProject section */
		C4D4FA0A20EB4520005CD32D /* Project object */ = {
			isa = PBXProject;
			attributes = {
				LastSwiftUpdateCheck = 0910;
				LastUpgradeCheck = 0910;
				ORGANIZATIONNAME = SrearAlex;
				TargetAttributes = {
					C4D4FA1120EB4520005CD32D = {
						CreatedOnToolsVersion = 9.1;
						ProvisioningStyle = Automatic;
					};
				};
			};
			buildConfigurationList = C4D4FA0D20EB4520005CD32D /* Build configuration list for PBXProject "SDWebImageDemo" */;
			compatibilityVersion = "Xcode 8.0";
			developmentRegion = en;
			hasScannedForEncodings = 0;
			knownRegions = (
				en,
				Base,
			);
			mainGroup = C4D4FA0920EB4520005CD32D;
			productRefGroup = C4D4FA1320EB4520005CD32D /* Products */;
			projectDirPath = "";
			projectRoot = "";
			targets = (
				C4D4FA1120EB4520005CD32D /* SDWebImageDemo */,
			);
		};
/* End PBXProject section */

/* Begin PBXResourcesBuildPhase section */
		C4D4FA1020EB4520005CD32D /* Resources */ = {
			isa = PBXResourcesBuildPhase;
			buildActionMask = 2147483647;
			files = (
				C464A8B720EC6EE800D57459 /* Launch Screen.storyboard in Resources */,
				C4D4FA1A20EB4520005CD32D /* Assets.xcassets in Resources */,
				C4D4FA2920EB4DD3005CD32D /* Main.storyboard in Resources */,
			);
			runOnlyForDeploymentPostprocessing = 0;
		};
/* End PBXResourcesBuildPhase section */

/* Begin PBXShellScriptBuildPhase section */
		1AD672502676FD37CB51597A /* [CP] Check Pods Manifest.lock */ = {
			isa = PBXShellScriptBuildPhase;
			buildActionMask = 2147483647;
			files = (
			);
			inputPaths = (
			);
			name = "[CP] Check Pods Manifest.lock";
			outputPaths = (
			);
			runOnlyForDeploymentPostprocessing = 0;
			shellPath = /bin/sh;
			shellScript = "diff \"${PODS_PODFILE_DIR_PATH}/Podfile.lock\" \"${PODS_ROOT}/Manifest.lock\" > /dev/null\nif [ $? != 0 ] ; then\n    # print error to STDERR\n    echo \"error: The sandbox is not in sync with the Podfile.lock. Run 'pod install' or update your CocoaPods installation.\" >&2\n    exit 1\nfi\n";
			showEnvVarsInLog = 0;
		};
		AB01DBBE2218CFD042F8F9DA /* [CP] Embed Pods Frameworks */ = {
			isa = PBXShellScriptBuildPhase;
			buildActionMask = 2147483647;
			files = (
			);
			inputPaths = (
			);
			name = "[CP] Embed Pods Frameworks";
			outputPaths = (
			);
			runOnlyForDeploymentPostprocessing = 0;
			shellPath = /bin/sh;
			shellScript = "\"${SRCROOT}/Pods/Target Support Files/Pods-SDWebImageDemo/Pods-SDWebImageDemo-frameworks.sh\"\n";
			showEnvVarsInLog = 0;
		};
		B13FF61AC2BACEC364F9ABE6 /* [CP] Copy Pods Resources */ = {
			isa = PBXShellScriptBuildPhase;
			buildActionMask = 2147483647;
			files = (
			);
			inputPaths = (
			);
			name = "[CP] Copy Pods Resources";
			outputPaths = (
			);
			runOnlyForDeploymentPostprocessing = 0;
			shellPath = /bin/sh;
			shellScript = "\"${SRCROOT}/Pods/Target Support Files/Pods-SDWebImageDemo/Pods-SDWebImageDemo-resources.sh\"\n";
			showEnvVarsInLog = 0;
		};
/* End PBXShellScriptBuildPhase section */

/* Begin PBXSourcesBuildPhase section */
		C4D4FA0E20EB4520005CD32D /* Sources */ = {
			isa = PBXSourcesBuildPhase;
			buildActionMask = 2147483647;
			files = (
				C4D4FA1820EB4520005CD32D /* ViewController.swift in Sources */,
				C4D4FA1620EB4520005CD32D /* AppDelegate.swift in Sources */,
			);
			runOnlyForDeploymentPostprocessing = 0;
		};
/* End PBXSourcesBuildPhase section */

/* Begin XCBuildConfiguration section */
		C4D4FA2020EB4520005CD32D /* Debug */ = {
			isa = XCBuildConfiguration;
			buildSettings = {
				ALWAYS_SEARCH_USER_PATHS = NO;
				CLANG_ANALYZER_NONNULL = YES;
				CLANG_ANALYZER_NUMBER_OBJECT_CONVERSION = YES_AGGRESSIVE;
				CLANG_CXX_LANGUAGE_STANDARD = "gnu++14";
				CLANG_CXX_LIBRARY = "libc++";
				CLANG_ENABLE_MODULES = YES;
				CLANG_ENABLE_OBJC_ARC = YES;
				CLANG_WARN_BLOCK_CAPTURE_AUTORELEASING = YES;
				CLANG_WARN_BOOL_CONVERSION = YES;
				CLANG_WARN_COMMA = YES;
				CLANG_WARN_CONSTANT_CONVERSION = YES;
				CLANG_WARN_DIRECT_OBJC_ISA_USAGE = YES_ERROR;
				CLANG_WARN_DOCUMENTATION_COMMENTS = YES;
				CLANG_WARN_EMPTY_BODY = YES;
				CLANG_WARN_ENUM_CONVERSION = YES;
				CLANG_WARN_INFINITE_RECURSION = YES;
				CLANG_WARN_INT_CONVERSION = YES;
				CLANG_WARN_NON_LITERAL_NULL_CONVERSION = YES;
				CLANG_WARN_OBJC_LITERAL_CONVERSION = YES;
				CLANG_WARN_OBJC_ROOT_CLASS = YES_ERROR;
				CLANG_WARN_RANGE_LOOP_ANALYSIS = YES;
				CLANG_WARN_STRICT_PROTOTYPES = YES;
				CLANG_WARN_SUSPICIOUS_MOVE = YES;
				CLANG_WARN_UNGUARDED_AVAILABILITY = YES_AGGRESSIVE;
				CLANG_WARN_UNREACHABLE_CODE = YES;
				CLANG_WARN__DUPLICATE_METHOD_MATCH = YES;
				CODE_SIGN_IDENTITY = "-";
				COPY_PHASE_STRIP = NO;
				DEBUG_INFORMATION_FORMAT = dwarf;
				ENABLE_STRICT_OBJC_MSGSEND = YES;
				ENABLE_TESTABILITY = YES;
				GCC_C_LANGUAGE_STANDARD = gnu11;
				GCC_DYNAMIC_NO_PIC = NO;
				GCC_NO_COMMON_BLOCKS = YES;
				GCC_OPTIMIZATION_LEVEL = 0;
				GCC_PREPROCESSOR_DEFINITIONS = (
					"DEBUG=1",
					"$(inherited)",
				);
				GCC_WARN_64_TO_32_BIT_CONVERSION = YES;
				GCC_WARN_ABOUT_RETURN_TYPE = YES_ERROR;
				GCC_WARN_UNDECLARED_SELECTOR = YES;
				GCC_WARN_UNINITIALIZED_AUTOS = YES_AGGRESSIVE;
				GCC_WARN_UNUSED_FUNCTION = YES;
				GCC_WARN_UNUSED_VARIABLE = YES;
				MACOSX_DEPLOYMENT_TARGET = 10.12;
				MTL_ENABLE_DEBUG_INFO = YES;
				ONLY_ACTIVE_ARCH = YES;
				SDKROOT = iphoneos11.1;
				SWIFT_ACTIVE_COMPILATION_CONDITIONS = DEBUG;
				SWIFT_OPTIMIZATION_LEVEL = "-Onone";
			};
			name = Debug;
		};
		C4D4FA2120EB4520005CD32D /* Release */ = {
			isa = XCBuildConfiguration;
			buildSettings = {
				ALWAYS_SEARCH_USER_PATHS = NO;
				CLANG_ANALYZER_NONNULL = YES;
				CLANG_ANALYZER_NUMBER_OBJECT_CONVERSION = YES_AGGRESSIVE;
				CLANG_CXX_LANGUAGE_STANDARD = "gnu++14";
				CLANG_CXX_LIBRARY = "libc++";
				CLANG_ENABLE_MODULES = YES;
				CLANG_ENABLE_OBJC_ARC = YES;
				CLANG_WARN_BLOCK_CAPTURE_AUTORELEASING = YES;
				CLANG_WARN_BOOL_CONVERSION = YES;
				CLANG_WARN_COMMA = YES;
				CLANG_WARN_CONSTANT_CONVERSION = YES;
				CLANG_WARN_DIRECT_OBJC_ISA_USAGE = YES_ERROR;
				CLANG_WARN_DOCUMENTATION_COMMENTS = YES;
				CLANG_WARN_EMPTY_BODY = YES;
				CLANG_WARN_ENUM_CONVERSION = YES;
				CLANG_WARN_INFINITE_RECURSION = YES;
				CLANG_WARN_INT_CONVERSION = YES;
				CLANG_WARN_NON_LITERAL_NULL_CONVERSION = YES;
				CLANG_WARN_OBJC_LITERAL_CONVERSION = YES;
				CLANG_WARN_OBJC_ROOT_CLASS = YES_ERROR;
				CLANG_WARN_RANGE_LOOP_ANALYSIS = YES;
				CLANG_WARN_STRICT_PROTOTYPES = YES;
				CLANG_WARN_SUSPICIOUS_MOVE = YES;
				CLANG_WARN_UNGUARDED_AVAILABILITY = YES_AGGRESSIVE;
				CLANG_WARN_UNREACHABLE_CODE = YES;
				CLANG_WARN__DUPLICATE_METHOD_MATCH = YES;
				CODE_SIGN_IDENTITY = "-";
				COPY_PHASE_STRIP = NO;
				DEBUG_INFORMATION_FORMAT = "dwarf-with-dsym";
				ENABLE_NS_ASSERTIONS = NO;
				ENABLE_STRICT_OBJC_MSGSEND = YES;
				GCC_C_LANGUAGE_STANDARD = gnu11;
				GCC_NO_COMMON_BLOCKS = YES;
				GCC_WARN_64_TO_32_BIT_CONVERSION = YES;
				GCC_WARN_ABOUT_RETURN_TYPE = YES_ERROR;
				GCC_WARN_UNDECLARED_SELECTOR = YES;
				GCC_WARN_UNINITIALIZED_AUTOS = YES_AGGRESSIVE;
				GCC_WARN_UNUSED_FUNCTION = YES;
				GCC_WARN_UNUSED_VARIABLE = YES;
				MACOSX_DEPLOYMENT_TARGET = 10.12;
				MTL_ENABLE_DEBUG_INFO = NO;
				SDKROOT = iphoneos11.1;
				SWIFT_OPTIMIZATION_LEVEL = "-Owholemodule";
			};
			name = Release;
		};
		C4D4FA2320EB4520005CD32D /* Debug */ = {
			isa = XCBuildConfiguration;
			baseConfigurationReference = C45C1FF164AB0E16B3209354 /* Pods-SDWebImageDemo.debug.xcconfig */;
			buildSettings = {
				ASSETCATALOG_COMPILER_APPICON_NAME = AppIcon;
				CODE_SIGN_ENTITLEMENTS = SDWebImageDemo/SDWebImageDemo.entitlements;
				CODE_SIGN_STYLE = Automatic;
				COMBINE_HIDPI_IMAGES = YES;
				DEVELOPMENT_TEAM = 8834KP55GJ;
				INFOPLIST_FILE = SDWebImageDemo/Info.plist;
				LD_RUNPATH_SEARCH_PATHS = "$(inherited) @executable_path/../Frameworks";
				PRODUCT_BUNDLE_IDENTIFIER = com.bingshenginc.learn.SDWebImageDemo;
				PRODUCT_NAME = "$(TARGET_NAME)";
				SWIFT_VERSION = 4.0;
			};
			name = Debug;
		};
		C4D4FA2420EB4520005CD32D /* Release */ = {
			isa = XCBuildConfiguration;
			baseConfigurationReference = 38E4F590792048D784D7E5BA /* Pods-SDWebImageDemo.release.xcconfig */;
			buildSettings = {
				ASSETCATALOG_COMPILER_APPICON_NAME = AppIcon;
				CODE_SIGN_ENTITLEMENTS = SDWebImageDemo/SDWebImageDemo.entitlements;
				CODE_SIGN_STYLE = Automatic;
				COMBINE_HIDPI_IMAGES = YES;
				DEVELOPMENT_TEAM = 8834KP55GJ;
				INFOPLIST_FILE = SDWebImageDemo/Info.plist;
				LD_RUNPATH_SEARCH_PATHS = "$(inherited) @executable_path/../Frameworks";
				PRODUCT_BUNDLE_IDENTIFIER = com.bingshenginc.learn.SDWebImageDemo;
				PRODUCT_NAME = "$(TARGET_NAME)";
				SWIFT_VERSION = 4.0;
			};
			name = Release;
		};
/* End XCBuildConfiguration section */

/* Begin XCConfigurationList section */
		C4D4FA0D20EB4520005CD32D /* Build configuration list for PBXProject "SDWebImageDemo" */ = {
			isa = XCConfigurationList;
			buildConfigurations = (
				C4D4FA2020EB4520005CD32D /* Debug */,
				C4D4FA2120EB4520005CD32D /* Release */,
			);
			defaultConfigurationIsVisible = 0;
			defaultConfigurationName = Release;
		};
		C4D4FA2220EB4520005CD32D /* Build configuration list for PBXNativeTarget "SDWebImageDemo" */ = {
			isa = XCConfigurationList;
			buildConfigurations = (
				C4D4FA2320EB4520005CD32D /* Debug */,
				C4D4FA2420EB4520005CD32D /* Release */,
			);
			defaultConfigurationIsVisible = 0;
			defaultConfigurationName = Release;
		};
/* End XCConfigurationList section */
	};
	rootObject = C4D4FA0A20EB4520005CD32D /* Project object */;
}
