// !$*UTF8*$!
{
	archiveVersion = 1;
	classes = {
	};
	objectVersion = 46;
	objects = {

/* Begin PBXBuildFile section */
		C4C459021E1BB1EA002C03BF /* AppDelegate.swift in Sources */ = {isa = PBXBuildFile; fileRef = C4C459011E1BB1EA002C03BF /* AppDelegate.swift */; };
		C4C459041E1BB1EA002C03BF /* ViewController.swift in Sources */ = {isa = PBXBuildFile; fileRef = C4C459031E1BB1EA002C03BF /* ViewController.swift */; };
		C4C459071E1BB1EA002C03BF /* Main.storyboard in Resources */ = {isa = PBXBuildFile; fileRef = C4C459051E1BB1EA002C03BF /* Main.storyboard */; };
		C4C459091E1BB1EA002C03BF /* Assets.xcassets in Resources */ = {isa = PBXBuildFile; fileRef = C4C459081E1BB1EA002C03BF /* Assets.xcassets */; };
		C4C4590C1E1BB1EA002C03BF /* LaunchScreen.storyboard in Resources */ = {isa = PBXBuildFile; fileRef = C4C4590A1E1BB1EA002C03BF /* LaunchScreen.storyboard */; };
/* End PBXBuildFile section */

/* Begin PBXFileReference section */
		C4C458FE1E1BB1EA002C03BF /* AutolayoutTest.app */ = {isa = PBXFileReference; explicitFileType = wrapper.application; includeInIndex = 0; path = AutolayoutTest.app; sourceTree = BUILT_PRODUCTS_DIR; };
		C4C459011E1BB1EA002C03BF /* AppDelegate.swift */ = {isa = PBXFileReference; lastKnownFileType = sourcecode.swift; path = AppDelegate.swift; sourceTree = "<group>"; };
		C4C459031E1BB1EA002C03BF /* ViewController.swift */ = {isa = PBXFileReference; lastKnownFileType = sourcecode.swift; path = ViewController.swift; sourceTree = "<group>"; };
		C4C459061E1BB1EA002C03BF /* Base */ = {isa = PBXFileReference; lastKnownFileType = file.storyboard; name = Base; path = Base.lproj/Main.storyboard; sourceTree = "<group>"; };
		C4C459081E1BB1EA002C03BF /* Assets.xcassets */ = {isa = PBXFileReference; lastKnownFileType = folder.assetcatalog; path = Assets.xcassets; sourceTree = "<group>"; };
		C4C4590B1E1BB1EA002C03BF /* Base */ = {isa = PBXFileReference; lastKnownFileType = file.storyboard; name = Base; path = Base.lproj/LaunchScreen.storyboard; sourceTree = "<group>"; };
		C4C4590D1E1BB1EA002C03BF /* Info.plist */ = {isa = PBXFileReference; lastKnownFileType = text.plist.xml; path = Info.plist; sourceTree = "<group>"; };
/* End PBXFileReference section */

/* Begin PBXFrameworksBuildPhase section */
		C4C458FB1E1BB1EA002C03BF /* Frameworks */ = {
			isa = PBXFrameworksBuildPhase;
			buildActionMask = 2147483647;
			files = (
			);
			runOnlyForDeploymentPostprocessing = 0;
		};
/* End PBXFrameworksBuildPhase section */

/* Begin PBXGroup section */
		C4C458F51E1BB1EA002C03BF = {
			isa = PBXGroup;
			children = (
				C4C459001E1BB1EA002C03BF /* AutolayoutTest */,
				C4C458FF1E1BB1EA002C03BF /* Products */,
			);
			sourceTree = "<group>";
		};
		C4C458FF1E1BB1EA002C03BF /* Products */ = {
			isa = PBXGroup;
			children = (
				C4C458FE1E1BB1EA002C03BF /* AutolayoutTest.app */,
			);
			name = Products;
			sourceTree = "<group>";
		};
		C4C459001E1BB1EA002C03BF /* AutolayoutTest */ = {
			isa = PBXGroup;
			children = (
				C4C459011E1BB1EA002C03BF /* AppDelegate.swift */,
				C4C459031E1BB1EA002C03BF /* ViewController.swift */,
				C4C459051E1BB1EA002C03BF /* Main.storyboard */,
				C4C459081E1BB1EA002C03BF /* Assets.xcassets */,
				C4C4590A1E1BB1EA002C03BF /* LaunchScreen.storyboard */,
				C4C4590D1E1BB1EA002C03BF /* Info.plist */,
			);
			path = AutolayoutTest;
			sourceTree = "<group>";
		};
/* End PBXGroup section */

/* Begin PBXNativeTarget section */
		C4C458FD1E1BB1EA002C03BF /* AutolayoutTest */ = {
			isa = PBXNativeTarget;
			buildConfigurationList = C4C459101E1BB1EA002C03BF /* Build configuration list for PBXNativeTarget "AutolayoutTest" */;
			buildPhases = (
				C4C458FA1E1BB1EA002C03BF /* Sources */,
				C4C458FB1E1BB1EA002C03BF /* Frameworks */,
				C4C458FC1E1BB1EA002C03BF /* Resources */,
			);
			buildRules = (
			);
			dependencies = (
			);
			name = AutolayoutTest;
			productName = AutolayoutTest;
			productReference = C4C458FE1E1BB1EA002C03BF /* AutolayoutTest.app */;
			productType = "com.apple.product-type.application";
		};
/* End PBXNativeTarget section */

/* Begin PBXProject section */
		C4C458F61E1BB1EA002C03BF /* Project object */ = {
			isa = PBXProject;
			attributes = {
				LastSwiftUpdateCheck = 0810;
				LastUpgradeCheck = 0810;
				ORGANIZATIONNAME = SrearAlex;
				TargetAttributes = {
					C4C458FD1E1BB1EA002C03BF = {
						CreatedOnToolsVersion = 8.1;
						DevelopmentTeam = 8834KP55GJ;
						ProvisioningStyle = Automatic;
					};
				};
			};
			buildConfigurationList = C4C458F91E1BB1EA002C03BF /* Build configuration list for PBXProject "AutolayoutTest" */;
			compatibilityVersion = "Xcode 3.2";
			developmentRegion = English;
			hasScannedForEncodings = 0;
			knownRegions = (
				en,
				Base,
			);
			mainGroup = C4C458F51E1BB1EA002C03BF;
			productRefGroup = C4C458FF1E1BB1EA002C03BF /* Products */;
			projectDirPath = "";
			projectRoot = "";
			targets = (
				C4C458FD1E1BB1EA002C03BF /* AutolayoutTest */,
			);
		};
/* End PBXProject section */

/* Begin PBXResourcesBuildPhase section */
		C4C458FC1E1BB1EA002C03BF /* Resources */ = {
			isa = PBXResourcesBuildPhase;
			buildActionMask = 2147483647;
			files = (
				C4C4590C1E1BB1EA002C03BF /* LaunchScreen.storyboard in Resources */,
				C4C459091E1BB1EA002C03BF /* Assets.xcassets in Resources */,
				C4C459071E1BB1EA002C03BF /* Main.storyboard in Resources */,
			);
			runOnlyForDeploymentPostprocessing = 0;
		};
/* End PBXResourcesBuildPhase section */

/* Begin PBXSourcesBuildPhase section */
		C4C458FA1E1BB1EA002C03BF /* Sources */ = {
			isa = PBXSourcesBuildPhase;
			buildActionMask = 2147483647;
			files = (
				C4C459041E1BB1EA002C03BF /* ViewController.swift in Sources */,
				C4C459021E1BB1EA002C03BF /* AppDelegate.swift in Sources */,
			);
			runOnlyForDeploymentPostprocessing = 0;
		};
/* End PBXSourcesBuildPhase section */

/* Begin PBXVariantGroup section */
		C4C459051E1BB1EA002C03BF /* Main.storyboard */ = {
			isa = PBXVariantGroup;
			children = (
				C4C459061E1BB1EA002C03BF /* Base */,
			);
			name = Main.storyboard;
			sourceTree = "<group>";
		};
		C4C4590A1E1BB1EA002C03BF /* LaunchScreen.storyboard */ = {
			isa = PBXVariantGroup;
			children = (
				C4C4590B1E1BB1EA002C03BF /* Base */,
			);
			name = LaunchScreen.storyboard;
			sourceTree = "<group>";
		};
/* End PBXVariantGroup section */

/* Begin XCBuildConfiguration section */
		C4C4590E1E1BB1EA002C03BF /* Debug */ = {
			isa = XCBuildConfiguration;
			buildSettings = {
				ALWAYS_SEARCH_USER_PATHS = NO;
				CLANG_ANALYZER_NONNULL = YES;
				CLANG_CXX_LANGUAGE_STANDARD = "gnu++0x";
				CLANG_CXX_LIBRARY = "libc++";
				CLANG_ENABLE_MODULES = YES;
				CLANG_ENABLE_OBJC_ARC = YES;
				CLANG_WARN_BOOL_CONVERSION = YES;
				CLANG_WARN_CONSTANT_CONVERSION = YES;
				CLANG_WARN_DIRECT_OBJC_ISA_USAGE = YES_ERROR;
				CLANG_WARN_DOCUMENTATION_COMMENTS = YES;
				CLANG_WARN_EMPTY_BODY = YES;
				CLANG_WARN_ENUM_CONVERSION = YES;
				CLANG_WARN_INFINITE_RECURSION = YES;
				CLANG_WARN_INT_CONVERSION = YES;
				CLANG_WARN_OBJC_ROOT_CLASS = YES_ERROR;
				CLANG_WARN_SUSPICIOUS_MOVES = YES;
				CLANG_WARN_UNREACHABLE_CODE = YES;
				CLANG_WARN__DUPLICATE_METHOD_MATCH = YES;
				"CODE_SIGN_IDENTITY[sdk=iphoneos*]" = "iPhone Developer";
				COPY_PHASE_STRIP = NO;
				DEBUG_INFORMATION_FORMAT = dwarf;
				ENABLE_STRICT_OBJC_MSGSEND = YES;
				ENABLE_TESTABILITY = YES;
				GCC_C_LANGUAGE_STANDARD = gnu99;
				GCC_DYNAMIC_NO_PIC = NO;
				GCC_NO_COMMON_BLOCKS = YES;
				GCC_OPTIMIZATION_LEVEL = 0;
				GCC_PREPROCESSOR_DEFINITIONS = (
					"DEBUG=1",
					"$(inherited)",
				);
				GCC_WARN_64_TO_32_BIT_CONVERSION = YES;
				GCC_WARN_ABOUT_RETURN_TYPE = YES_ERROR;
				GCC_WARN_UNDECLARED_SELECTOR = YES;
				GCC_WARN_UNINITIALIZED_AUTOS = YES_AGGRESSIVE;
				GCC_WARN_UNUSED_FUNCTION = YES;
				GCC_WARN_UNUSED_VARIABLE = YES;
				IPHONEOS_DEPLOYMENT_TARGET = 10.1;
				MTL_ENABLE_DEBUG_INFO = YES;
				ONLY_ACTIVE_ARCH = YES;
				SDKROOT = iphoneos;
				SWIFT_ACTIVE_COMPILATION_CONDITIONS = DEBUG;
				SWIFT_OPTIMIZATION_LEVEL = "-Onone";
			};
			name = Debug;
		};
		C4C4590F1E1BB1EA002C03BF /* Release */ = {
			isa = XCBuildConfiguration;
			buildSettings = {
				ALWAYS_SEARCH_USER_PATHS = NO;
				CLANG_ANALYZER_NONNULL = YES;
				CLANG_CXX_LANGUAGE_STANDARD = "gnu++0x";
				CLANG_CXX_LIBRARY = "libc++";
				CLANG_ENABLE_MODULES = YES;
				CLANG_ENABLE_OBJC_ARC = YES;
				CLANG_WARN_BOOL_CONVERSION = YES;
				CLANG_WARN_CONSTANT_CONVERSION = YES;
				CLANG_WARN_DIRECT_OBJC_ISA_USAGE = YES_ERROR;
				CLANG_WARN_DOCUMENTATION_COMMENTS = YES;
				CLANG_WARN_EMPTY_BODY = YES;
				CLANG_WARN_ENUM_CONVERSION = YES;
				CLANG_WARN_INFINITE_RECURSION = YES;
				CLANG_WARN_INT_CONVERSION = YES;
				CLANG_WARN_OBJC_ROOT_CLASS = YES_ERROR;
				CLANG_WARN_SUSPICIOUS_MOVES = YES;
				CLANG_WARN_UNREACHABLE_CODE = YES;
				CLANG_WARN__DUPLICATE_METHOD_MATCH = YES;
				"CODE_SIGN_IDENTITY[sdk=iphoneos*]" = "iPhone Developer";
				COPY_PHASE_STRIP = NO;
				DEBUG_INFORMATION_FORMAT = "dwarf-with-dsym";
				ENABLE_NS_ASSERTIONS = NO;
				ENABLE_STRICT_OBJC_MSGSEND = YES;
				GCC_C_LANGUAGE_STANDARD = gnu99;
				GCC_NO_COMMON_BLOCKS = YES;
				GCC_WARN_64_TO_32_BIT_CONVERSION = YES;
				GCC_WARN_ABOUT_RETURN_TYPE = YES_ERROR;
				GCC_WARN_UNDECLARED_SELECTOR = YES;
				GCC_WARN_UNINITIALIZED_AUTOS = YES_AGGRESSIVE;
				GCC_WARN_UNUSED_FUNCTION = YES;
				GCC_WARN_UNUSED_VARIABLE = YES;
				IPHONEOS_DEPLOYMENT_TARGET = 10.1;
				MTL_ENABLE_DEBUG_INFO = NO;
				SDKROOT = iphoneos;
				SWIFT_OPTIMIZATION_LEVEL = "-Owholemodule";
				VALIDATE_PRODUCT = YES;
			};
			name = Release;
		};
		C4C459111E1BB1EA002C03BF /* Debug */ = {
			isa = XCBuildConfiguration;
			buildSettings = {
				ASSETCATALOG_COMPILER_APPICON_NAME = AppIcon;
				DEVELOPMENT_TEAM = 8834KP55GJ;
				INFOPLIST_FILE = AutolayoutTest/Info.plist;
				LD_RUNPATH_SEARCH_PATHS = "$(inherited) @executable_path/Frameworks";
				PRODUCT_BUNDLE_IDENTIFIER = com.bingsinc.learn.AutolayoutTest;
				PRODUCT_NAME = "$(TARGET_NAME)";
				SWIFT_VERSION = 3.0;
			};
			name = Debug;
		};
		C4C459121E1BB1EA002C03BF /* Release */ = {
			isa = XCBuildConfiguration;
			buildSettings = {
				ASSETCATALOG_COMPILER_APPICON_NAME = AppIcon;
				DEVELOPMENT_TEAM = 8834KP55GJ;
				INFOPLIST_FILE = AutolayoutTest/Info.plist;
				LD_RUNPATH_SEARCH_PATHS = "$(inherited) @executable_path/Frameworks";
				PRODUCT_BUNDLE_IDENTIFIER = com.bingsinc.learn.AutolayoutTest;
				PRODUCT_NAME = "$(TARGET_NAME)";
				SWIFT_VERSION = 3.0;
			};
			name = Release;
		};
/* End XCBuildConfiguration section */

/* Begin XCConfigurationList section */
		C4C458F91E1BB1EA002C03BF /* Build configuration list for PBXProject "AutolayoutTest" */ = {
			isa = XCConfigurationList;
			buildConfigurations = (
				C4C4590E1E1BB1EA002C03BF /* Debug */,
				C4C4590F1E1BB1EA002C03BF /* Release */,
			);
			defaultConfigurationIsVisible = 0;
			defaultConfigurationName = Release;
		};
		C4C459101E1BB1EA002C03BF /* Build configuration list for PBXNativeTarget "AutolayoutTest" */ = {
			isa = XCConfigurationList;
			buildConfigurations = (
				C4C459111E1BB1EA002C03BF /* Debug */,
				C4C459121E1BB1EA002C03BF /* Release */,
			);
			defaultConfigurationIsVisible = 0;
		};
/* End XCConfigurationList section */
	};
	rootObject = C4C458F61E1BB1EA002C03BF /* Project object */;
}
