// !$*UTF8*$!
{
	archiveVersion = 1;
	classes = {
	};
	objectVersion = 46;
	objects = {

/* Begin PBXBuildFile section */
		C4D20B421F5519D600ABEDE3 /* AppDelegate.swift in Sources */ = {isa = PBXBuildFile; fileRef = C4D20B411F5519D600ABEDE3 /* AppDelegate.swift */; };
		C4D20B471F5519D600ABEDE3 /* Main.storyboard in Resources */ = {isa = PBXBuildFile; fileRef = C4D20B451F5519D600ABEDE3 /* Main.storyboard */; };
		C4D20B491F5519D600ABEDE3 /* Assets.xcassets in Resources */ = {isa = PBXBuildFile; fileRef = C4D20B481F5519D600ABEDE3 /* Assets.xcassets */; };
		C4D20B4C1F5519D600ABEDE3 /* LaunchScreen.storyboard in Resources */ = {isa = PBXBuildFile; fileRef = C4D20B4A1F5519D600ABEDE3 /* LaunchScreen.storyboard */; };
		C4D20B551F551DD200ABEDE3 /* TableViewController.swift in Sources */ = {isa = PBXBuildFile; fileRef = C4D20B541F551DD200ABEDE3 /* TableViewController.swift */; };
/* End PBXBuildFile section */

/* Begin PBXFileReference section */
		C4D20B3E1F5519D500ABEDE3 /* SearchDemo.app */ = {isa = PBXFileReference; explicitFileType = wrapper.application; includeInIndex = 0; path = SearchDemo.app; sourceTree = BUILT_PRODUCTS_DIR; };
		C4D20B411F5519D600ABEDE3 /* AppDelegate.swift */ = {isa = PBXFileReference; lastKnownFileType = sourcecode.swift; path = AppDelegate.swift; sourceTree = "<group>"; };
		C4D20B461F5519D600ABEDE3 /* Base */ = {isa = PBXFileReference; lastKnownFileType = file.storyboard; name = Base; path = Base.lproj/Main.storyboard; sourceTree = "<group>"; };
		C4D20B481F5519D600ABEDE3 /* Assets.xcassets */ = {isa = PBXFileReference; lastKnownFileType = folder.assetcatalog; path = Assets.xcassets; sourceTree = "<group>"; };
		C4D20B4B1F5519D600ABEDE3 /* Base */ = {isa = PBXFileReference; lastKnownFileType = file.storyboard; name = Base; path = Base.lproj/LaunchScreen.storyboard; sourceTree = "<group>"; };
		C4D20B4D1F5519D600ABEDE3 /* Info.plist */ = {isa = PBXFileReference; lastKnownFileType = text.plist.xml; path = Info.plist; sourceTree = "<group>"; };
		C4D20B541F551DD200ABEDE3 /* TableViewController.swift */ = {isa = PBXFileReference; fileEncoding = 4; lastKnownFileType = sourcecode.swift; name = TableViewController.swift; path = Controller/TableViewController.swift; sourceTree = "<group>"; };
/* End PBXFileReference section */

/* Begin PBXFrameworksBuildPhase section */
		C4D20B3B1F5519D500ABEDE3 /* Frameworks */ = {
			isa = PBXFrameworksBuildPhase;
			buildActionMask = 2147483647;
			files = (
			);
			runOnlyForDeploymentPostprocessing = 0;
		};
/* End PBXFrameworksBuildPhase section */

/* Begin PBXGroup section */
		C4D20B351F5519D500ABEDE3 = {
			isa = PBXGroup;
			children = (
				C4D20B401F5519D600ABEDE3 /* SearchDemo */,
				C4D20B3F1F5519D500ABEDE3 /* Products */,
			);
			sourceTree = "<group>";
		};
		C4D20B3F1F5519D500ABEDE3 /* Products */ = {
			isa = PBXGroup;
			children = (
				C4D20B3E1F5519D500ABEDE3 /* SearchDemo.app */,
			);
			name = Products;
			sourceTree = "<group>";
		};
		C4D20B401F5519D600ABEDE3 /* SearchDemo */ = {
			isa = PBXGroup;
			children = (
				C4D20B531F551D8300ABEDE3 /* Controller */,
				C4D20B411F5519D600ABEDE3 /* AppDelegate.swift */,
				C4D20B451F5519D600ABEDE3 /* Main.storyboard */,
				C4D20B481F5519D600ABEDE3 /* Assets.xcassets */,
				C4D20B4A1F5519D600ABEDE3 /* LaunchScreen.storyboard */,
				C4D20B4D1F5519D600ABEDE3 /* Info.plist */,
			);
			path = SearchDemo;
			sourceTree = "<group>";
		};
		C4D20B531F551D8300ABEDE3 /* Controller */ = {
			isa = PBXGroup;
			children = (
				C4D20B541F551DD200ABEDE3 /* TableViewController.swift */,
			);
			name = Controller;
			sourceTree = "<group>";
		};
/* End PBXGroup section */

/* Begin PBXNativeTarget section */
		C4D20B3D1F5519D500ABEDE3 /* SearchDemo */ = {
			isa = PBXNativeTarget;
			buildConfigurationList = C4D20B501F5519D600ABEDE3 /* Build configuration list for PBXNativeTarget "SearchDemo" */;
			buildPhases = (
				C4D20B3A1F5519D500ABEDE3 /* Sources */,
				C4D20B3B1F5519D500ABEDE3 /* Frameworks */,
				C4D20B3C1F5519D500ABEDE3 /* Resources */,
			);
			buildRules = (
			);
			dependencies = (
			);
			name = SearchDemo;
			productName = SearchDemo;
			productReference = C4D20B3E1F5519D500ABEDE3 /* SearchDemo.app */;
			productType = "com.apple.product-type.application";
		};
/* End PBXNativeTarget section */

/* Begin PBXProject section */
		C4D20B361F5519D500ABEDE3 /* Project object */ = {
			isa = PBXProject;
			attributes = {
				LastSwiftUpdateCheck = 0830;
				LastUpgradeCheck = 0830;
				ORGANIZATIONNAME = ll;
				TargetAttributes = {
					C4D20B3D1F5519D500ABEDE3 = {
						CreatedOnToolsVersion = 8.3.3;
						ProvisioningStyle = Automatic;
					};
				};
			};
			buildConfigurationList = C4D20B391F5519D500ABEDE3 /* Build configuration list for PBXProject "SearchDemo" */;
			compatibilityVersion = "Xcode 3.2";
			developmentRegion = English;
			hasScannedForEncodings = 0;
			knownRegions = (
				en,
				Base,
			);
			mainGroup = C4D20B351F5519D500ABEDE3;
			productRefGroup = C4D20B3F1F5519D500ABEDE3 /* Products */;
			projectDirPath = "";
			projectRoot = "";
			targets = (
				C4D20B3D1F5519D500ABEDE3 /* SearchDemo */,
			);
		};
/* End PBXProject section */

/* Begin PBXResourcesBuildPhase section */
		C4D20B3C1F5519D500ABEDE3 /* Resources */ = {
			isa = PBXResourcesBuildPhase;
			buildActionMask = 2147483647;
			files = (
				C4D20B4C1F5519D600ABEDE3 /* LaunchScreen.storyboard in Resources */,
				C4D20B491F5519D600ABEDE3 /* Assets.xcassets in Resources */,
				C4D20B471F5519D600ABEDE3 /* Main.storyboard in Resources */,
			);
			runOnlyForDeploymentPostprocessing = 0;
		};
/* End PBXResourcesBuildPhase section */

/* Begin PBXSourcesBuildPhase section */
		C4D20B3A1F5519D500ABEDE3 /* Sources */ = {
			isa = PBXSourcesBuildPhase;
			buildActionMask = 2147483647;
			files = (
				C4D20B421F5519D600ABEDE3 /* AppDelegate.swift in Sources */,
				C4D20B551F551DD200ABEDE3 /* TableViewController.swift in Sources */,
			);
			runOnlyForDeploymentPostprocessing = 0;
		};
/* End PBXSourcesBuildPhase section */

/* Begin PBXVariantGroup section */
		C4D20B451F5519D600ABEDE3 /* Main.storyboard */ = {
			isa = PBXVariantGroup;
			children = (
				C4D20B461F5519D600ABEDE3 /* Base */,
			);
			name = Main.storyboard;
			sourceTree = "<group>";
		};
		C4D20B4A1F5519D600ABEDE3 /* LaunchScreen.storyboard */ = {
			isa = PBXVariantGroup;
			children = (
				C4D20B4B1F5519D600ABEDE3 /* Base */,
			);
			name = LaunchScreen.storyboard;
			sourceTree = "<group>";
		};
/* End PBXVariantGroup section */

/* Begin XCBuildConfiguration section */
		C4D20B4E1F5519D600ABEDE3 /* Debug */ = {
			isa = XCBuildConfiguration;
			buildSettings = {
				ALWAYS_SEARCH_USER_PATHS = NO;
				CLANG_ANALYZER_NONNULL = YES;
				CLANG_ANALYZER_NUMBER_OBJECT_CONVERSION = YES_AGGRESSIVE;
				CLANG_CXX_LANGUAGE_STANDARD = "gnu++0x";
				CLANG_CXX_LIBRARY = "libc++";
				CLANG_ENABLE_MODULES = YES;
				CLANG_ENABLE_OBJC_ARC = YES;
				CLANG_WARN_BOOL_CONVERSION = YES;
				CLANG_WARN_CONSTANT_CONVERSION = YES;
				CLANG_WARN_DIRECT_OBJC_ISA_USAGE = YES_ERROR;
				CLANG_WARN_DOCUMENTATION_COMMENTS = YES;
				CLANG_WARN_EMPTY_BODY = YES;
				CLANG_WARN_ENUM_CONVERSION = YES;
				CLANG_WARN_INFINITE_RECURSION = YES;
				CLANG_WARN_INT_CONVERSION = YES;
				CLANG_WARN_OBJC_ROOT_CLASS = YES_ERROR;
				CLANG_WARN_SUSPICIOUS_MOVE = YES;
				CLANG_WARN_UNREACHABLE_CODE = YES;
				CLANG_WARN__DUPLICATE_METHOD_MATCH = YES;
				"CODE_SIGN_IDENTITY[sdk=iphoneos*]" = "iPhone Developer";
				COPY_PHASE_STRIP = NO;
				DEBUG_INFORMATION_FORMAT = dwarf;
				ENABLE_STRICT_OBJC_MSGSEND = YES;
				ENABLE_TESTABILITY = YES;
				GCC_C_LANGUAGE_STANDARD = gnu99;
				GCC_DYNAMIC_NO_PIC = NO;
				GCC_NO_COMMON_BLOCKS = YES;
				GCC_OPTIMIZATION_LEVEL = 0;
				GCC_PREPROCESSOR_DEFINITIONS = (
					"DEBUG=1",
					"$(inherited)",
				);
				GCC_WARN_64_TO_32_BIT_CONVERSION = YES;
				GCC_WARN_ABOUT_RETURN_TYPE = YES_ERROR;
				GCC_WARN_UNDECLARED_SELECTOR = YES;
				GCC_WARN_UNINITIALIZED_AUTOS = YES_AGGRESSIVE;
				GCC_WARN_UNUSED_FUNCTION = YES;
				GCC_WARN_UNUSED_VARIABLE = YES;
				IPHONEOS_DEPLOYMENT_TARGET = 10.3;
				MTL_ENABLE_DEBUG_INFO = YES;
				ONLY_ACTIVE_ARCH = YES;
				SDKROOT = iphoneos;
				SWIFT_ACTIVE_COMPILATION_CONDITIONS = DEBUG;
				SWIFT_OPTIMIZATION_LEVEL = "-Onone";
			};
			name = Debug;
		};
		C4D20B4F1F5519D600ABEDE3 /* Release */ = {
			isa = XCBuildConfiguration;
			buildSettings = {
				ALWAYS_SEARCH_USER_PATHS = NO;
				CLANG_ANALYZER_NONNULL = YES;
				CLANG_ANALYZER_NUMBER_OBJECT_CONVERSION = YES_AGGRESSIVE;
				CLANG_CXX_LANGUAGE_STANDARD = "gnu++0x";
				CLANG_CXX_LIBRARY = "libc++";
				CLANG_ENABLE_MODULES = YES;
				CLANG_ENABLE_OBJC_ARC = YES;
				CLANG_WARN_BOOL_CONVERSION = YES;
				CLANG_WARN_CONSTANT_CONVERSION = YES;
				CLANG_WARN_DIRECT_OBJC_ISA_USAGE = YES_ERROR;
				CLANG_WARN_DOCUMENTATION_COMMENTS = YES;
				CLANG_WARN_EMPTY_BODY = YES;
				CLANG_WARN_ENUM_CONVERSION = YES;
				CLANG_WARN_INFINITE_RECURSION = YES;
				CLANG_WARN_INT_CONVERSION = YES;
				CLANG_WARN_OBJC_ROOT_CLASS = YES_ERROR;
				CLANG_WARN_SUSPICIOUS_MOVE = YES;
				CLANG_WARN_UNREACHABLE_CODE = YES;
				CLANG_WARN__DUPLICATE_METHOD_MATCH = YES;
				"CODE_SIGN_IDENTITY[sdk=iphoneos*]" = "iPhone Developer";
				COPY_PHASE_STRIP = NO;
				DEBUG_INFORMATION_FORMAT = "dwarf-with-dsym";
				ENABLE_NS_ASSERTIONS = NO;
				ENABLE_STRICT_OBJC_MSGSEND = YES;
				GCC_C_LANGUAGE_STANDARD = gnu99;
				GCC_NO_COMMON_BLOCKS = YES;
				GCC_WARN_64_TO_32_BIT_CONVERSION = YES;
				GCC_WARN_ABOUT_RETURN_TYPE = YES_ERROR;
				GCC_WARN_UNDECLARED_SELECTOR = YES;
				GCC_WARN_UNINITIALIZED_AUTOS = YES_AGGRESSIVE;
				GCC_WARN_UNUSED_FUNCTION = YES;
				GCC_WARN_UNUSED_VARIABLE = YES;
				IPHONEOS_DEPLOYMENT_TARGET = 10.3;
				MTL_ENABLE_DEBUG_INFO = NO;
				SDKROOT = iphoneos;
				SWIFT_OPTIMIZATION_LEVEL = "-Owholemodule";
				VALIDATE_PRODUCT = YES;
			};
			name = Release;
		};
		C4D20B511F5519D600ABEDE3 /* Debug */ = {
			isa = XCBuildConfiguration;
			buildSettings = {
				ASSETCATALOG_COMPILER_APPICON_NAME = AppIcon;
				INFOPLIST_FILE = SearchDemo/Info.plist;
				LD_RUNPATH_SEARCH_PATHS = "$(inherited) @executable_path/Frameworks";
				PRODUCT_BUNDLE_IDENTIFIER = com.bingshenginc.SearchDemo;
				PRODUCT_NAME = "$(TARGET_NAME)";
				SWIFT_VERSION = 3.0;
			};
			name = Debug;
		};
		C4D20B521F5519D600ABEDE3 /* Release */ = {
			isa = XCBuildConfiguration;
			buildSettings = {
				ASSETCATALOG_COMPILER_APPICON_NAME = AppIcon;
				INFOPLIST_FILE = SearchDemo/Info.plist;
				LD_RUNPATH_SEARCH_PATHS = "$(inherited) @executable_path/Frameworks";
				PRODUCT_BUNDLE_IDENTIFIER = com.bingshenginc.SearchDemo;
				PRODUCT_NAME = "$(TARGET_NAME)";
				SWIFT_VERSION = 3.0;
			};
			name = Release;
		};
/* End XCBuildConfiguration section */

/* Begin XCConfigurationList section */
		C4D20B391F5519D500ABEDE3 /* Build configuration list for PBXProject "SearchDemo" */ = {
			isa = XCConfigurationList;
			buildConfigurations = (
				C4D20B4E1F5519D600ABEDE3 /* Debug */,
				C4D20B4F1F5519D600ABEDE3 /* Release */,
			);
			defaultConfigurationIsVisible = 0;
			defaultConfigurationName = Release;
		};
		C4D20B501F5519D600ABEDE3 /* Build configuration list for PBXNativeTarget "SearchDemo" */ = {
			isa = XCConfigurationList;
			buildConfigurations = (
				C4D20B511F5519D600ABEDE3 /* Debug */,
				C4D20B521F5519D600ABEDE3 /* Release */,
			);
			defaultConfigurationIsVisible = 0;
		};
/* End XCConfigurationList section */
	};
	rootObject = C4D20B361F5519D500ABEDE3 /* Project object */;
}
